
Microsoft Visual Studio Solution File, Format Version 12.00
# Visual Studio Version 16
VisualStudioVersion = 16.0.31702.278
MinimumVisualStudioVersion = 10.0.40219.1
Project("{FAE04EC0-301F-11D3-BF4B-00C04F79EFBC}") = "SecurityGitHub", "SecurityGitHub.csproj", "{7B65E839-641B-4704-922B-59ACA0F973B5}"
EndProject
Global
	GlobalSection(SolutionConfigurationPlatforms) = preSolution
		Debug|Any CPU = Debug|Any CPU
		Release|Any CPU = Release|Any CPU
	EndGlobalSection
	GlobalSection(ProjectConfigurationPlatforms) = postSolution
		{7B65E839-641B-4704-922B-59ACA0F973B5}.Debug|Any CPU.ActiveCfg = Debug|Any CPU
		{7B65E839-641B-4704-922B-59ACA0F973B5}.Debug|Any CPU.Build.0 = Debug|Any CPU
		{7B65E839-641B-4704-922B-59ACA0F973B5}.Release|Any CPU.ActiveCfg = Release|Any CPU
		{7B65E839-641B-4704-922B-59ACA0F973B5}.Release|Any CPU.Build.0 = Release|Any CPU
	EndGlobalSection
	GlobalSection(SolutionProperties) = preSolution
		HideSolutionNode = FALSE
	EndGlobalSection
	GlobalSection(ExtensibilityGlobals) = postSolution
		SolutionGuid = {7C83F995-1B28-46C0-9142-A717D86BDCF1}
	EndGlobalSection
EndGlobal
